
Microsoft Visual Studio Solution File, Format Version 12.00
# Visual Studio Version 16
VisualStudioVersion = 16.0.30907.101
MinimumVisualStudioVersion = 10.0.40219.1
Project("{FAE04EC0-301F-11D3-BF4B-00C04F79EFBC}") = "ProductsWebApi", "ProductsWebApi\ProductsWebApi.csproj", "{53255130-5582-490E-8516-65ADB6518013}"
EndProject
Global
	GlobalSection(SolutionConfigurationPlatforms) = preSolution
		Debug|Any CPU = Debug|Any CPU
		Release|Any CPU = Release|Any CPU
	EndGlobalSection
	GlobalSection(ProjectConfigurationPlatforms) = postSolution
		{53255130-5582-490E-8516-65ADB6518013}.Debug|Any CPU.ActiveCfg = Debug|Any CPU
		{53255130-5582-490E-8516-65ADB6518013}.Debug|Any CPU.Build.0 = Debug|Any CPU
		{53255130-5582-490E-8516-65ADB6518013}.Release|Any CPU.ActiveCfg = Release|Any CPU
		{53255130-5582-490E-8516-65ADB6518013}.Release|Any CPU.Build.0 = Release|Any CPU
	EndGlobalSection
	GlobalSection(SolutionProperties) = preSolution
		HideSolutionNode = FALSE
	EndGlobalSection
	GlobalSection(ExtensibilityGlobals) = postSolution
		SolutionGuid = {720C3660-FD67-4C71-BAC0-D937E1177719}
	EndGlobalSection
EndGlobal
